
Microsoft Visual Studio Solution File, Format Version 12.00
# Visual Studio Version 16
VisualStudioVersion = 16.0.30523.141
MinimumVisualStudioVersion = 10.0.40219.1
Project("{FAE04EC0-301F-11D3-BF4B-00C04F79EFBC}") = "MyNavisworksPlugin", "MyNavisworksPlugin\MyNavisworksPlugin.csproj", "{635580EC-3C06-4929-8CA2-BC6590D12508}"
EndProject
Global
	GlobalSection(SolutionConfigurationPlatforms) = preSolution
		Debug|Any CPU = Debug|Any CPU
		Release|Any CPU = Release|Any CPU
	EndGlobalSection
	GlobalSection(ProjectConfigurationPlatforms) = postSolution
		{635580EC-3C06-4929-8CA2-BC6590D12508}.Debug|Any CPU.ActiveCfg = Debug|Any CPU
		{635580EC-3C06-4929-8CA2-BC6590D12508}.Debug|Any CPU.Build.0 = Debug|Any CPU
		{635580EC-3C06-4929-8CA2-BC6590D12508}.Release|Any CPU.ActiveCfg = Release|Any CPU
		{635580EC-3C06-4929-8CA2-BC6590D12508}.Release|Any CPU.Build.0 = Release|Any CPU
	EndGlobalSection
	GlobalSection(SolutionProperties) = preSolution
		HideSolutionNode = FALSE
	EndGlobalSection
	GlobalSection(ExtensibilityGlobals) = postSolution
		SolutionGuid = {1DB7B14B-E9AA-4306-A637-995A65B6C1CC}
	EndGlobalSection
EndGlobal
